// !$*UTF8*$!
{
	archiveVersion = 1;
	classes = {
	};
	objectVersion = 46;
	objects = {

/* Begin PBXBuildFile section */
		1F112B971989CA8700771748 /* Foundation.framework in Frameworks */ = {isa = PBXBuildFile; fileRef = 1F112B961989CA8700771748 /* Foundation.framework */; };
		1F112B991989CA8700771748 /* CoreGraphics.framework in Frameworks */ = {isa = PBXBuildFile; fileRef = 1F112B981989CA8700771748 /* CoreGraphics.framework */; };
		1F112B9B1989CA8700771748 /* UIKit.framework in Frameworks */ = {isa = PBXBuildFile; fileRef = 1F112B9A1989CA8700771748 /* UIKit.framework */; };
		1F112BA11989CA8700771748 /* InfoPlist.strings in Resources */ = {isa = PBXBuildFile; fileRef = 1F112B9F1989CA8700771748 /* InfoPlist.strings */; };
		1F112BA31989CA8700771748 /* main.m in Sources */ = {isa = PBXBuildFile; fileRef = 1F112BA21989CA8700771748 /* main.m */; };
		1F112BA71989CA8700771748 /* AppDelegate.m in Sources */ = {isa = PBXBuildFile; fileRef = 1F112BA61989CA8700771748 /* AppDelegate.m */; };
		1F112BAD1989CA8700771748 /* ViewController.m in Sources */ = {isa = PBXBuildFile; fileRef = 1F112BAC1989CA8700771748 /* ViewController.m */; };
		1F112BAF1989CA8700771748 /* Images.xcassets in Resources */ = {isa = PBXBuildFile; fileRef = 1F112BAE1989CA8700771748 /* Images.xcassets */; };
		1F112BB61989CA8700771748 /* XCTest.framework in Frameworks */ = {isa = PBXBuildFile; fileRef = 1F112BB51989CA8700771748 /* XCTest.framework */; };
		1F112BB71989CA8700771748 /* Foundation.framework in Frameworks */ = {isa = PBXBuildFile; fileRef = 1F112B961989CA8700771748 /* Foundation.framework */; };
		1F112BB81989CA8700771748 /* UIKit.framework in Frameworks */ = {isa = PBXBuildFile; fileRef = 1F112B9A1989CA8700771748 /* UIKit.framework */; };
		1F112BC01989CA8700771748 /* InfoPlist.strings in Resources */ = {isa = PBXBuildFile; fileRef = 1F112BBE1989CA8700771748 /* InfoPlist.strings */; };
		1F112BC21989CA8700771748 /* PongTests.m in Sources */ = {isa = PBXBuildFile; fileRef = 1F112BC11989CA8700771748 /* PongTests.m */; };
		1F156C781991B189007735A4 /* CountLabel.m in Sources */ = {isa = PBXBuildFile; fileRef = 1F156C771991B189007735A4 /* CountLabel.m */; };
/* End PBXBuildFile section */

/* Begin PBXContainerItemProxy section */
		1F112BB91989CA8700771748 /* PBXContainerItemProxy */ = {
			isa = PBXContainerItemProxy;
			containerPortal = 1F112B8B1989CA8700771748 /* Project object */;
			proxyType = 1;
			remoteGlobalIDString = 1F112B921989CA8700771748;
			remoteInfo = Pong;
		};
/* End PBXContainerItemProxy section */

/* Begin PBXFileReference section */
		1F112B931989CA8700771748 /* Pong.app */ = {isa = PBXFileReference; explicitFileType = wrapper.application; includeInIndex = 0; path = Pong.app; sourceTree = BUILT_PRODUCTS_DIR; };
		1F112B961989CA8700771748 /* Foundation.framework */ = {isa = PBXFileReference; lastKnownFileType = wrapper.framework; name = Foundation.framework; path = System/Library/Frameworks/Foundation.framework; sourceTree = SDKROOT; };
		1F112B981989CA8700771748 /* CoreGraphics.framework */ = {isa = PBXFileReference; lastKnownFileType = wrapper.framework; name = CoreGraphics.framework; path = System/Library/Frameworks/CoreGraphics.framework; sourceTree = SDKROOT; };
		1F112B9A1989CA8700771748 /* UIKit.framework */ = {isa = PBXFileReference; lastKnownFileType = wrapper.framework; name = UIKit.framework; path = System/Library/Frameworks/UIKit.framework; sourceTree = SDKROOT; };
		1F112B9E1989CA8700771748 /* Pong-Info.plist */ = {isa = PBXFileReference; lastKnownFileType = text.plist.xml; path = "Pong-Info.plist"; sourceTree = "<group>"; };
		1F112BA01989CA8700771748 /* en */ = {isa = PBXFileReference; lastKnownFileType = text.plist.strings; name = en; path = en.lproj/InfoPlist.strings; sourceTree = "<group>"; };
		1F112BA21989CA8700771748 /* main.m */ = {isa = PBXFileReference; lastKnownFileType = sourcecode.c.objc; path = main.m; sourceTree = "<group>"; };
		1F112BA41989CA8700771748 /* Pong-Prefix.pch */ = {isa = PBXFileReference; lastKnownFileType = sourcecode.c.h; path = "Pong-Prefix.pch"; sourceTree = "<group>"; };
		1F112BA51989CA8700771748 /* AppDelegate.h */ = {isa = PBXFileReference; lastKnownFileType = sourcecode.c.h; path = AppDelegate.h; sourceTree = "<group>"; };
		1F112BA61989CA8700771748 /* AppDelegate.m */ = {isa = PBXFileReference; lastKnownFileType = sourcecode.c.objc; path = AppDelegate.m; sourceTree = "<group>"; };
		1F112BAB1989CA8700771748 /* ViewController.h */ = {isa = PBXFileReference; lastKnownFileType = sourcecode.c.h; path = ViewController.h; sourceTree = "<group>"; };
		1F112BAC1989CA8700771748 /* ViewController.m */ = {isa = PBXFileReference; lastKnownFileType = sourcecode.c.objc; path = ViewController.m; sourceTree = "<group>"; };
		1F112BAE1989CA8700771748 /* Images.xcassets */ = {isa = PBXFileReference; lastKnownFileType = folder.assetcatalog; path = Images.xcassets; sourceTree = "<group>"; };
		1F112BB41989CA8700771748 /* PongTests.xctest */ = {isa = PBXFileReference; explicitFileType = wrapper.cfbundle; includeInIndex = 0; path = PongTests.xctest; sourceTree = BUILT_PRODUCTS_DIR; };
		1F112BB51989CA8700771748 /* XCTest.framework */ = {isa = PBXFileReference; lastKnownFileType = wrapper.framework; name = XCTest.framework; path = Library/Frameworks/XCTest.framework; sourceTree = DEVELOPER_DIR; };
		1F112BBD1989CA8700771748 /* PongTests-Info.plist */ = {isa = PBXFileReference; lastKnownFileType = text.plist.xml; path = "PongTests-Info.plist"; sourceTree = "<group>"; };
		1F112BBF1989CA8700771748 /* en */ = {isa = PBXFileReference; lastKnownFileType = text.plist.strings; name = en; path = en.lproj/InfoPlist.strings; sourceTree = "<group>"; };
		1F112BC11989CA8700771748 /* PongTests.m */ = {isa = PBXFileReference; lastKnownFileType = sourcecode.c.objc; path = PongTests.m; sourceTree = "<group>"; };
		1F156C761991B189007735A4 /* CountLabel.h */ = {isa = PBXFileReference; fileEncoding = 4; lastKnownFileType = sourcecode.c.h; path = CountLabel.h; sourceTree = "<group>"; };
		1F156C771991B189007735A4 /* CountLabel.m */ = {isa = PBXFileReference; fileEncoding = 4; lastKnownFileType = sourcecode.c.objc; path = CountLabel.m; sourceTree = "<group>"; };
/* End PBXFileReference section */

/* Begin PBXFrameworksBuildPhase section */
		1F112B901989CA8700771748 /* Frameworks */ = {
			isa = PBXFrameworksBuildPhase;
			buildActionMask = 2147483647;
			files = (
				1F112B991989CA8700771748 /* CoreGraphics.framework in Frameworks */,
				1F112B9B1989CA8700771748 /* UIKit.framework in Frameworks */,
				1F112B971989CA8700771748 /* Foundation.framework in Frameworks */,
			);
			runOnlyForDeploymentPostprocessing = 0;
		};
		1F112BB11989CA8700771748 /* Frameworks */ = {
			isa = PBXFrameworksBuildPhase;
			buildActionMask = 2147483647;
			files = (
				1F112BB61989CA8700771748 /* XCTest.framework in Frameworks */,
				1F112BB81989CA8700771748 /* UIKit.framework in Frameworks */,
				1F112BB71989CA8700771748 /* Foundation.framework in Frameworks */,
			);
			runOnlyForDeploymentPostprocessing = 0;
		};
/* End PBXFrameworksBuildPhase section */

/* Begin PBXGroup section */
		1F112B8A1989CA8700771748 = {
			isa = PBXGroup;
			children = (
				1F112B9C1989CA8700771748 /* Pong */,
				1F112BBB1989CA8700771748 /* PongTests */,
				1F112B951989CA8700771748 /* Frameworks */,
				1F112B941989CA8700771748 /* Products */,
			);
			sourceTree = "<group>";
		};
		1F112B941989CA8700771748 /* Products */ = {
			isa = PBXGroup;
			children = (
				1F112B931989CA8700771748 /* Pong.app */,
				1F112BB41989CA8700771748 /* PongTests.xctest */,
			);
			name = Products;
			sourceTree = "<group>";
		};
		1F112B951989CA8700771748 /* Frameworks */ = {
			isa = PBXGroup;
			children = (
				1F112B961989CA8700771748 /* Foundation.framework */,
				1F112B981989CA8700771748 /* CoreGraphics.framework */,
				1F112B9A1989CA8700771748 /* UIKit.framework */,
				1F112BB51989CA8700771748 /* XCTest.framework */,
			);
			name = Frameworks;
			sourceTree = "<group>";
		};
		1F112B9C1989CA8700771748 /* Pong */ = {
			isa = PBXGroup;
			children = (
				1F112BA51989CA8700771748 /* AppDelegate.h */,
				1F112BA61989CA8700771748 /* AppDelegate.m */,
				1F112BAB1989CA8700771748 /* ViewController.h */,
				1F112BAC1989CA8700771748 /* ViewController.m */,
				1F156C761991B189007735A4 /* CountLabel.h */,
				1F156C771991B189007735A4 /* CountLabel.m */,
				1F112BAE1989CA8700771748 /* Images.xcassets */,
				1F112B9D1989CA8700771748 /* Supporting Files */,
			);
			path = Pong;
			sourceTree = "<group>";
		};
		1F112B9D1989CA8700771748 /* Supporting Files */ = {
			isa = PBXGroup;
			children = (
				1F112B9E1989CA8700771748 /* Pong-Info.plist */,
				1F112B9F1989CA8700771748 /* InfoPlist.strings */,
				1F112BA21989CA8700771748 /* main.m */,
				1F112BA41989CA8700771748 /* Pong-Prefix.pch */,
			);
			name = "Supporting Files";
			sourceTree = "<group>";
		};
		1F112BBB1989CA8700771748 /* PongTests */ = {
			isa = PBXGroup;
			children = (
				1F112BC11989CA8700771748 /* PongTests.m */,
				1F112BBC1989CA8700771748 /* Supporting Files */,
			);
			path = PongTests;
			sourceTree = "<group>";
		};
		1F112BBC1989CA8700771748 /* Supporting Files */ = {
			isa = PBXGroup;
			children = (
				1F112BBD1989CA8700771748 /* PongTests-Info.plist */,
				1F112BBE1989CA8700771748 /* InfoPlist.strings */,
			);
			name = "Supporting Files";
			sourceTree = "<group>";
		};
/* End PBXGroup section */

/* Begin PBXNativeTarget section */
		1F112B921989CA8700771748 /* Pong */ = {
			isa = PBXNativeTarget;
			buildConfigurationList = 1F112BC51989CA8700771748 /* Build configuration list for PBXNativeTarget "Pong" */;
			buildPhases = (
				1F112B8F1989CA8700771748 /* Sources */,
				1F112B901989CA8700771748 /* Frameworks */,
				1F112B911989CA8700771748 /* Resources */,
			);
			buildRules = (
			);
			dependencies = (
			);
			name = Pong;
			productName = Pong;
			productReference = 1F112B931989CA8700771748 /* Pong.app */;
			productType = "com.apple.product-type.application";
		};
		1F112BB31989CA8700771748 /* PongTests */ = {
			isa = PBXNativeTarget;
			buildConfigurationList = 1F112BC81989CA8700771748 /* Build configuration list for PBXNativeTarget "PongTests" */;
			buildPhases = (
				1F112BB01989CA8700771748 /* Sources */,
				1F112BB11989CA8700771748 /* Frameworks */,
				1F112BB21989CA8700771748 /* Resources */,
			);
			buildRules = (
			);
			dependencies = (
				1F112BBA1989CA8700771748 /* PBXTargetDependency */,
			);
			name = PongTests;
			productName = PongTests;
			productReference = 1F112BB41989CA8700771748 /* PongTests.xctest */;
			productType = "com.apple.product-type.bundle.unit-test";
		};
/* End PBXNativeTarget section */

/* Begin PBXProject section */
		1F112B8B1989CA8700771748 /* Project object */ = {
			isa = PBXProject;
			attributes = {
				LastUpgradeCheck = 0510;
				ORGANIZATIONNAME = "Travis Hohl";
				TargetAttributes = {
					1F112BB31989CA8700771748 = {
						TestTargetID = 1F112B921989CA8700771748;
					};
				};
			};
			buildConfigurationList = 1F112B8E1989CA8700771748 /* Build configuration list for PBXProject "Pong" */;
			compatibilityVersion = "Xcode 3.2";
			developmentRegion = English;
			hasScannedForEncodings = 0;
			knownRegions = (
				en,
				Base,
			);
			mainGroup = 1F112B8A1989CA8700771748;
			productRefGroup = 1F112B941989CA8700771748 /* Products */;
			projectDirPath = "";
			projectRoot = "";
			targets = (
				1F112B921989CA8700771748 /* Pong */,
				1F112BB31989CA8700771748 /* PongTests */,
			);
		};
/* End PBXProject section */

/* Begin PBXResourcesBuildPhase section */
		1F112B911989CA8700771748 /* Resources */ = {
			isa = PBXResourcesBuildPhase;
			buildActionMask = 2147483647;
			files = (
				1F112BAF1989CA8700771748 /* Images.xcassets in Resources */,
				1F112BA11989CA8700771748 /* InfoPlist.strings in Resources */,
			);
			runOnlyForDeploymentPostprocessing = 0;
		};
		1F112BB21989CA8700771748 /* Resources */ = {
			isa = PBXResourcesBuildPhase;
			buildActionMask = 2147483647;
			files = (
				1F112BC01989CA8700771748 /* InfoPlist.strings in Resources */,
			);
			runOnlyForDeploymentPostprocessing = 0;
		};
/* End PBXResourcesBuildPhase section */

/* Begin PBXSourcesBuildPhase section */
		1F112B8F1989CA8700771748 /* Sources */ = {
			isa = PBXSourcesBuildPhase;
			buildActionMask = 2147483647;
			files = (
				1F156C781991B189007735A4 /* CountLabel.m in Sources */,
				1F112BAD1989CA8700771748 /* ViewController.m in Sources */,
				1F112BA71989CA8700771748 /* AppDelegate.m in Sources */,
				1F112BA31989CA8700771748 /* main.m in Sources */,
			);
			runOnlyForDeploymentPostprocessing = 0;
		};
		1F112BB01989CA8700771748 /* Sources */ = {
			isa = PBXSourcesBuildPhase;
			buildActionMask = 2147483647;
			files = (
				1F112BC21989CA8700771748 /* PongTests.m in Sources */,
			);
			runOnlyForDeploymentPostprocessing = 0;
		};
/* End PBXSourcesBuildPhase section */

/* Begin PBXTargetDependency section */
		1F112BBA1989CA8700771748 /* PBXTargetDependency */ = {
			isa = PBXTargetDependency;
			target = 1F112B921989CA8700771748 /* Pong */;
			targetProxy = 1F112BB91989CA8700771748 /* PBXContainerItemProxy */;
		};
/* End PBXTargetDependency section */

/* Begin PBXVariantGroup section */
		1F112B9F1989CA8700771748 /* InfoPlist.strings */ = {
			isa = PBXVariantGroup;
			children = (
				1F112BA01989CA8700771748 /* en */,
			);
			name = InfoPlist.strings;
			sourceTree = "<group>";
		};
		1F112BBE1989CA8700771748 /* InfoPlist.strings */ = {
			isa = PBXVariantGroup;
			children = (
				1F112BBF1989CA8700771748 /* en */,
			);
			name = InfoPlist.strings;
			sourceTree = "<group>";
		};
/* End PBXVariantGroup section */

/* Begin XCBuildConfiguration section */
		1F112BC31989CA8700771748 /* Debug */ = {
			isa = XCBuildConfiguration;
			buildSettings = {
				ALWAYS_SEARCH_USER_PATHS = NO;
				CLANG_CXX_LANGUAGE_STANDARD = "gnu++0x";
				CLANG_CXX_LIBRARY = "libc++";
				CLANG_ENABLE_MODULES = YES;
				CLANG_ENABLE_OBJC_ARC = YES;
				CLANG_WARN_BOOL_CONVERSION = YES;
				CLANG_WARN_CONSTANT_CONVERSION = YES;
				CLANG_WARN_DIRECT_OBJC_ISA_USAGE = YES_ERROR;
				CLANG_WARN_EMPTY_BODY = YES;
				CLANG_WARN_ENUM_CONVERSION = YES;
				CLANG_WARN_INT_CONVERSION = YES;
				CLANG_WARN_OBJC_ROOT_CLASS = YES_ERROR;
				CLANG_WARN__DUPLICATE_METHOD_MATCH = YES;
				"CODE_SIGN_IDENTITY[sdk=iphoneos*]" = "iPhone Developer";
				COPY_PHASE_STRIP = NO;
				GCC_C_LANGUAGE_STANDARD = gnu99;
				GCC_DYNAMIC_NO_PIC = NO;
				GCC_OPTIMIZATION_LEVEL = 0;
				GCC_PREPROCESSOR_DEFINITIONS = (
					"DEBUG=1",
					"$(inherited)",
				);
				GCC_SYMBOLS_PRIVATE_EXTERN = NO;
				GCC_WARN_64_TO_32_BIT_CONVERSION = YES;
				GCC_WARN_ABOUT_RETURN_TYPE = YES_ERROR;
				GCC_WARN_UNDECLARED_SELECTOR = YES;
				GCC_WARN_UNINITIALIZED_AUTOS = YES_AGGRESSIVE;
				GCC_WARN_UNUSED_FUNCTION = YES;
				GCC_WARN_UNUSED_VARIABLE = YES;
				IPHONEOS_DEPLOYMENT_TARGET = 7.1;
				ONLY_ACTIVE_ARCH = YES;
				SDKROOT = iphoneos;
			};
			name = Debug;
		};
		1F112BC41989CA8700771748 /* Release */ = {
			isa = XCBuildConfiguration;
			buildSettings = {
				ALWAYS_SEARCH_USER_PATHS = NO;
				CLANG_CXX_LANGUAGE_STANDARD = "gnu++0x";
				CLANG_CXX_LIBRARY = "libc++";
				CLANG_ENABLE_MODULES = YES;
				CLANG_ENABLE_OBJC_ARC = YES;
				CLANG_WARN_BOOL_CONVERSION = YES;
				CLANG_WARN_CONSTANT_CONVERSION = YES;
				CLANG_WARN_DIRECT_OBJC_ISA_USAGE = YES_ERROR;
				CLANG_WARN_EMPTY_BODY = YES;
				CLANG_WARN_ENUM_CONVERSION = YES;
				CLANG_WARN_INT_CONVERSION = YES;
				CLANG_WARN_OBJC_ROOT_CLASS = YES_ERROR;
				CLANG_WARN__DUPLICATE_METHOD_MATCH = YES;
				"CODE_SIGN_IDENTITY[sdk=iphoneos*]" = "iPhone Developer";
				COPY_PHASE_STRIP = YES;
				ENABLE_NS_ASSERTIONS = NO;
				GCC_C_LANGUAGE_STANDARD = gnu99;
				GCC_WARN_64_TO_32_BIT_CONVERSION = YES;
				GCC_WARN_ABOUT_RETURN_TYPE = YES_ERROR;
				GCC_WARN_UNDECLARED_SELECTOR = YES;
				GCC_WARN_UNINITIALIZED_AUTOS = YES_AGGRESSIVE;
				GCC_WARN_UNUSED_FUNCTION = YES;
				GCC_WARN_UNUSED_VARIABLE = YES;
				IPHONEOS_DEPLOYMENT_TARGET = 7.1;
				SDKROOT = iphoneos;
				VALIDATE_PRODUCT = YES;
			};
			name = Release;
		};
		1F112BC61989CA8700771748 /* Debug */ = {
			isa = XCBuildConfiguration;
			buildSettings = {
				ASSETCATALOG_COMPILER_APPICON_NAME = AppIcon;
				ASSETCATALOG_COMPILER_LAUNCHIMAGE_NAME = LaunchImage;
				GCC_PRECOMPILE_PREFIX_HEADER = YES;
				GCC_PREFIX_HEADER = "Pong/Pong-Prefix.pch";
				INFOPLIST_FILE = "Pong/Pong-Info.plist";
				PRODUCT_NAME = "$(TARGET_NAME)";
				WRAPPER_EXTENSION = app;
			};
			name = Debug;
		};
		1F112BC71989CA8700771748 /* Release */ = {
			isa = XCBuildConfiguration;
			buildSettings = {
				ASSETCATALOG_COMPILER_APPICON_NAME = AppIcon;
				ASSETCATALOG_COMPILER_LAUNCHIMAGE_NAME = LaunchImage;
				GCC_PRECOMPILE_PREFIX_HEADER = YES;
				GCC_PREFIX_HEADER = "Pong/Pong-Prefix.pch";
				INFOPLIST_FILE = "Pong/Pong-Info.plist";
				PRODUCT_NAME = "$(TARGET_NAME)";
				WRAPPER_EXTENSION = app;
			};
			name = Release;
		};
		1F112BC91989CA8700771748 /* Debug */ = {
			isa = XCBuildConfiguration;
			buildSettings = {
				BUNDLE_LOADER = "$(BUILT_PRODUCTS_DIR)/Pong.app/Pong";
				FRAMEWORK_SEARCH_PATHS = (
					"$(SDKROOT)/Developer/Library/Frameworks",
					"$(inherited)",
					"$(DEVELOPER_FRAMEWORKS_DIR)",
				);
				GCC_PRECOMPILE_PREFIX_HEADER = YES;
				GCC_PREFIX_HEADER = "Pong/Pong-Prefix.pch";
				GCC_PREPROCESSOR_DEFINITIONS = (
					"DEBUG=1",
					"$(inherited)",
				);
				INFOPLIST_FILE = "PongTests/PongTests-Info.plist";
				PRODUCT_NAME = "$(TARGET_NAME)";
				TEST_HOST = "$(BUNDLE_LOADER)";
				WRAPPER_EXTENSION = xctest;
			};
			name = Debug;
		};
		1F112BCA1989CA8700771748 /* Release */ = {
			isa = XCBuildConfiguration;
			buildSettings = {
				BUNDLE_LOADER = "$(BUILT_PRODUCTS_DIR)/Pong.app/Pong";
				FRAMEWORK_SEARCH_PATHS = (
					"$(SDKROOT)/Developer/Library/Frameworks",
					"$(inherited)",
					"$(DEVELOPER_FRAMEWORKS_DIR)",
				);
				GCC_PRECOMPILE_PREFIX_HEADER = YES;
				GCC_PREFIX_HEADER = "Pong/Pong-Prefix.pch";
				INFOPLIST_FILE = "PongTests/PongTests-Info.plist";
				PRODUCT_NAME = "$(TARGET_NAME)";
				TEST_HOST = "$(BUNDLE_LOADER)";
				WRAPPER_EXTENSION = xctest;
			};
			name = Release;
		};
/* End XCBuildConfiguration section */

/* Begin XCConfigurationList section */
		1F112B8E1989CA8700771748 /* Build configuration list for PBXProject "Pong" */ = {
			isa = XCConfigurationList;
			buildConfigurations = (
				1F112BC31989CA8700771748 /* Debug */,
				1F112BC41989CA8700771748 /* Release */,
			);
			defaultConfigurationIsVisible = 0;
			defaultConfigurationName = Release;
		};
		1F112BC51989CA8700771748 /* Build configuration list for PBXNativeTarget "Pong" */ = {
			isa = XCConfigurationList;
			buildConfigurations = (
				1F112BC61989CA8700771748 /* Debug */,
				1F112BC71989CA8700771748 /* Release */,
			);
			defaultConfigurationIsVisible = 0;
			defaultConfigurationName = Release;
		};
		1F112BC81989CA8700771748 /* Build configuration list for PBXNativeTarget "PongTests" */ = {
			isa = XCConfigurationList;
			buildConfigurations = (
				1F112BC91989CA8700771748 /* Debug */,
				1F112BCA1989CA8700771748 /* Release */,
			);
			defaultConfigurationIsVisible = 0;
			defaultConfigurationName = Release;
		};
/* End XCConfigurationList section */
	};
	rootObject = 1F112B8B1989CA8700771748 /* Project object */;
}
